
Microsoft Visual Studio Solution File, Format Version 12.00
# Visual Studio Version 17
VisualStudioVersion = 17.6.33829.357
MinimumVisualStudioVersion = 10.0.40219.1
Project("{9A19103F-16F7-4668-BE54-9A1E7A4F7556}") = "Blazor_tarefas", "Blazor_tarefas\Blazor_tarefas.csproj", "{14DA4C3D-36AE-4577-BFBB-5FA2FB7A3552}"
EndProject
Global
	GlobalSection(SolutionConfigurationPlatforms) = preSolution
		Debug|Any CPU = Debug|Any CPU
		Release|Any CPU = Release|Any CPU
	EndGlobalSection
	GlobalSection(ProjectConfigurationPlatforms) = postSolution
		{14DA4C3D-36AE-4577-BFBB-5FA2FB7A3552}.Debug|Any CPU.ActiveCfg = Debug|Any CPU
		{14DA4C3D-36AE-4577-BFBB-5FA2FB7A3552}.Debug|Any CPU.Build.0 = Debug|Any CPU
		{14DA4C3D-36AE-4577-BFBB-5FA2FB7A3552}.Release|Any CPU.ActiveCfg = Release|Any CPU
		{14DA4C3D-36AE-4577-BFBB-5FA2FB7A3552}.Release|Any CPU.Build.0 = Release|Any CPU
	EndGlobalSection
	GlobalSection(SolutionProperties) = preSolution
		HideSolutionNode = FALSE
	EndGlobalSection
	GlobalSection(ExtensibilityGlobals) = postSolution
		SolutionGuid = {41D0C08D-E738-46B1-A809-334CBD7D76E2}
	EndGlobalSection
EndGlobal
